# This file is automatically @generated by Cargo.
# It is not intended for manual editing.
version = 3

[[package]]
name = "arduboy-rust"
version = "1.0.0"
dependencies = [
 "heapless",
 "panic-halt",
]

[[package]]
name = "ardvoice"
version = "0.1.0"
dependencies = [
 "arduboy-rust",
]

[[package]]
name = "atomic-polyfill"
version = "0.1.11"
source = "registry+https://github.com/rust-lang/crates.io-index"
checksum = "e3ff7eb3f316534d83a8a2c3d1674ace8a5a71198eba31e2e2b597833f699b28"
dependencies = [
 "critical-section",
]

[[package]]
name = "autocfg"
version = "1.1.0"
source = "registry+https://github.com/rust-lang/crates.io-index"
checksum = "d468802bab17cbc0cc575e9b053f41e72aa36bfa6b7f55e3529ffa43161b97fa"

[[package]]
name = "byteorder"
version = "1.4.3"
source = "registry+https://github.com/rust-lang/crates.io-index"
checksum = "14c189c53d098945499cdfa7ecc63567cf3886b3332b312a5b4585d8d3a6a610"

[[package]]
name = "critical-section"
version = "1.1.2"
source = "registry+https://github.com/rust-lang/crates.io-index"
checksum = "7059fff8937831a9ae6f0fe4d658ffabf58f2ca96aa9dec1c889f936f705f216"

[[package]]
name = "demo2"
version = "0.1.0"
dependencies = [
 "arduboy-rust",
]

[[package]]
name = "demo3"
version = "0.1.0"
dependencies = [
 "arduboy-rust",
]

[[package]]
name = "demo4"
version = "0.1.0"
dependencies = [
 "arduboy-rust",
]

[[package]]
name = "demo5"
version = "0.1.0"
dependencies = [
 "arduboy-rust",
]

[[package]]
name = "demo6"
version = "0.1.0"
dependencies = [
 "arduboy-rust",
]

[[package]]
name = "demo7"
version = "0.1.0"
dependencies = [
 "arduboy-rust",
]

[[package]]
name = "demo9"
version = "0.1.0"
dependencies = [
 "arduboy-rust",
]

[[package]]
name = "drboy"
version = "0.1.0"
dependencies = [
 "arduboy-rust",
]

[[package]]
name = "eeprom"
version = "0.1.0"
dependencies = [
 "arduboy-rust",
]

[[package]]
name = "eeprom-byte"
version = "0.1.0"
dependencies = [
 "arduboy-rust",
]

[[package]]
name = "game"
version = "0.1.0"
dependencies = [
 "arduboy-rust",
]

[[package]]
name = "hash32"
version = "0.2.1"
source = "registry+https://github.com/rust-lang/crates.io-index"
checksum = "b0c35f58762feb77d74ebe43bdbc3210f09be9fe6742234d573bacc26ed92b67"
dependencies = [
 "byteorder",
]

[[package]]
name = "heapless"
version = "0.7.16"
source = "registry+https://github.com/rust-lang/crates.io-index"
checksum = "db04bc24a18b9ea980628ecf00e6c0264f3c1426dac36c00cb49b6fbad8b0743"
dependencies = [
 "atomic-polyfill",
 "hash32",
 "rustc_version",
 "spin",
 "stable_deref_trait",
]

[[package]]
name = "lock_api"
version = "0.4.10"
source = "registry+https://github.com/rust-lang/crates.io-index"
checksum = "c1cc9717a20b1bb222f333e6a92fd32f7d8a18ddc5a3191a11af45dcbf4dcd16"
dependencies = [
 "autocfg",
 "scopeguard",
]

[[package]]
name = "panic-halt"
version = "0.2.0"
source = "registry+https://github.com/rust-lang/crates.io-index"
checksum = "de96540e0ebde571dc55c73d60ef407c653844e6f9a1e2fdbd40c07b9252d812"

[[package]]
name = "progmem"
version = "0.1.0"
dependencies = [
 "arduboy-rust",
]

[[package]]
name = "rustacean"
version = "0.1.0"
dependencies = [
 "arduboy-rust",
]

[[package]]
name = "rustc_version"
version = "0.4.0"
source = "registry+https://github.com/rust-lang/crates.io-index"
checksum = "bfa0f585226d2e68097d4f95d113b15b83a82e819ab25717ec0590d9584ef366"
dependencies = [
 "semver",
]

[[package]]
name = "scopeguard"
version = "1.2.0"
source = "registry+https://github.com/rust-lang/crates.io-index"
checksum = "94143f37725109f92c262ed2cf5e59bce7498c01bcc1502d7b9afe439a4e9f49"

[[package]]
name = "semver"
version = "1.0.18"
source = "registry+https://github.com/rust-lang/crates.io-index"
checksum = "b0293b4b29daaf487284529cc2f5675b8e57c61f70167ba415a463651fd6a918"

[[package]]
name = "snake"
version = "0.1.0"
dependencies = [
 "arduboy-rust",
]

[[package]]
name = "spin"
version = "0.9.8"
source = "registry+https://github.com/rust-lang/crates.io-index"
checksum = "6980e8d7511241f8acf4aebddbb1ff938df5eebe98691418c4468d0b72a96a67"
dependencies = [
 "lock_api",
]

[[package]]
name = "stable_deref_trait"
version = "1.2.0"
source = "registry+https://github.com/rust-lang/crates.io-index"
checksum = "a8f112729512f8e442d81f95a8a7ddf2b7c6b8a1a6f509a95864142b30cab2d3"

[[package]]
name = "tone"
version = "0.1.0"
dependencies = [
 "arduboy-rust",
]
